
Microsoft Visual Studio Solution File, Format Version 12.00
# Visual Studio Version 17
VisualStudioVersion = 17.12.35506.116
MinimumVisualStudioVersion = 10.0.40219.1
Project("{FAE04EC0-301F-11D3-BF4B-00C04F79EFBC}") = "WordGame", "ConsoleApp1\WordGame.csproj", "{80DB8C2D-054E-42F0-AE72-06E1E04DA2F0}"
EndProject
Project("{FAE04EC0-301F-11D3-BF4B-00C04F79EFBC}") = "matrix", "matrix\matrix.csproj", "{F6B5A527-E331-4229-A8F0-64181AE8153F}"
EndProject
Project("{FAE04EC0-301F-11D3-BF4B-00C04F79EFBC}") = "Cities", "Cities\Cities.csproj", "{878D4E8A-CE54-494B-92B5-63D72255650F}"
EndProject
Project("{FAE04EC0-301F-11D3-BF4B-00C04F79EFBC}") = "pseudoWords", "pseudoWords\pseudoWords.csproj", "{9567655E-6C84-4CAC-AD4D-4F3BBA5E1713}"
EndProject
Project("{FAE04EC0-301F-11D3-BF4B-00C04F79EFBC}") = "Menu", "Menu\Menu.csproj", "{1B7945DA-46AC-4AA2-8E88-806EC8882CD3}"
EndProject
Project("{FAE04EC0-301F-11D3-BF4B-00C04F79EFBC}") = "Akinator", "Akinator\Akinator.csproj", "{64729C66-A3C8-442E-ACFF-1D174C1ABF2E}"
EndProject
Project("{FAE04EC0-301F-11D3-BF4B-00C04F79EFBC}") = "TravelTicketGenerator", "TravelTicketGenerator\TravelTicketGenerator.csproj", "{3B5F09DA-69B4-47C9-8005-5D8EF027B16C}"
EndProject
Project("{FAE04EC0-301F-11D3-BF4B-00C04F79EFBC}") = "cards", "cards\cards.csproj", "{56D6D916-7B62-456C-8A82-9C74C89BCA22}"
EndProject
Project("{FAE04EC0-301F-11D3-BF4B-00C04F79EFBC}") = "Sudoku", "Sudoku\Sudoku.csproj", "{C400558B-3275-4BE0-BA38-C1AA4D29F5D7}"
EndProject
Project("{FAE04EC0-301F-11D3-BF4B-00C04F79EFBC}") = "Stake", "Satke\Stake.csproj", "{F088DFB3-3C0C-472E-91D9-1B1834E3A970}"
EndProject
Global
	GlobalSection(SolutionConfigurationPlatforms) = preSolution
		Debug|Any CPU = Debug|Any CPU
		Debug|x64 = Debug|x64
		Debug|x86 = Debug|x86
		Release|Any CPU = Release|Any CPU
		Release|x64 = Release|x64
		Release|x86 = Release|x86
	EndGlobalSection
	GlobalSection(ProjectConfigurationPlatforms) = postSolution
		{80DB8C2D-054E-42F0-AE72-06E1E04DA2F0}.Debug|Any CPU.ActiveCfg = Debug|Any CPU
		{80DB8C2D-054E-42F0-AE72-06E1E04DA2F0}.Debug|Any CPU.Build.0 = Debug|Any CPU
		{80DB8C2D-054E-42F0-AE72-06E1E04DA2F0}.Debug|x64.ActiveCfg = Debug|Any CPU
		{80DB8C2D-054E-42F0-AE72-06E1E04DA2F0}.Debug|x64.Build.0 = Debug|Any CPU
		{80DB8C2D-054E-42F0-AE72-06E1E04DA2F0}.Debug|x86.ActiveCfg = Debug|Any CPU
		{80DB8C2D-054E-42F0-AE72-06E1E04DA2F0}.Debug|x86.Build.0 = Debug|Any CPU
		{80DB8C2D-054E-42F0-AE72-06E1E04DA2F0}.Release|Any CPU.ActiveCfg = Release|Any CPU
		{80DB8C2D-054E-42F0-AE72-06E1E04DA2F0}.Release|Any CPU.Build.0 = Release|Any CPU
		{80DB8C2D-054E-42F0-AE72-06E1E04DA2F0}.Release|x64.ActiveCfg = Release|Any CPU
		{80DB8C2D-054E-42F0-AE72-06E1E04DA2F0}.Release|x64.Build.0 = Release|Any CPU
		{80DB8C2D-054E-42F0-AE72-06E1E04DA2F0}.Release|x86.ActiveCfg = Release|Any CPU
		{80DB8C2D-054E-42F0-AE72-06E1E04DA2F0}.Release|x86.Build.0 = Release|Any CPU
		{F6B5A527-E331-4229-A8F0-64181AE8153F}.Debug|Any CPU.ActiveCfg = Debug|Any CPU
		{F6B5A527-E331-4229-A8F0-64181AE8153F}.Debug|Any CPU.Build.0 = Debug|Any CPU
		{F6B5A527-E331-4229-A8F0-64181AE8153F}.Debug|x64.ActiveCfg = Debug|Any CPU
		{F6B5A527-E331-4229-A8F0-64181AE8153F}.Debug|x64.Build.0 = Debug|Any CPU
		{F6B5A527-E331-4229-A8F0-64181AE8153F}.Debug|x86.ActiveCfg = Debug|Any CPU
		{F6B5A527-E331-4229-A8F0-64181AE8153F}.Debug|x86.Build.0 = Debug|Any CPU
		{F6B5A527-E331-4229-A8F0-64181AE8153F}.Release|Any CPU.ActiveCfg = Release|Any CPU
		{F6B5A527-E331-4229-A8F0-64181AE8153F}.Release|Any CPU.Build.0 = Release|Any CPU
		{F6B5A527-E331-4229-A8F0-64181AE8153F}.Release|x64.ActiveCfg = Release|Any CPU
		{F6B5A527-E331-4229-A8F0-64181AE8153F}.Release|x64.Build.0 = Release|Any CPU
		{F6B5A527-E331-4229-A8F0-64181AE8153F}.Release|x86.ActiveCfg = Release|Any CPU
		{F6B5A527-E331-4229-A8F0-64181AE8153F}.Release|x86.Build.0 = Release|Any CPU
		{878D4E8A-CE54-494B-92B5-63D72255650F}.Debug|Any CPU.ActiveCfg = Debug|Any CPU
		{878D4E8A-CE54-494B-92B5-63D72255650F}.Debug|Any CPU.Build.0 = Debug|Any CPU
		{878D4E8A-CE54-494B-92B5-63D72255650F}.Debug|x64.ActiveCfg = Debug|Any CPU
		{878D4E8A-CE54-494B-92B5-63D72255650F}.Debug|x64.Build.0 = Debug|Any CPU
		{878D4E8A-CE54-494B-92B5-63D72255650F}.Debug|x86.ActiveCfg = Debug|Any CPU
		{878D4E8A-CE54-494B-92B5-63D72255650F}.Debug|x86.Build.0 = Debug|Any CPU
		{878D4E8A-CE54-494B-92B5-63D72255650F}.Release|Any CPU.ActiveCfg = Release|Any CPU
		{878D4E8A-CE54-494B-92B5-63D72255650F}.Release|Any CPU.Build.0 = Release|Any CPU
		{878D4E8A-CE54-494B-92B5-63D72255650F}.Release|x64.ActiveCfg = Release|Any CPU
		{878D4E8A-CE54-494B-92B5-63D72255650F}.Release|x64.Build.0 = Release|Any CPU
		{878D4E8A-CE54-494B-92B5-63D72255650F}.Release|x86.ActiveCfg = Release|Any CPU
		{878D4E8A-CE54-494B-92B5-63D72255650F}.Release|x86.Build.0 = Release|Any CPU
		{9567655E-6C84-4CAC-AD4D-4F3BBA5E1713}.Debug|Any CPU.ActiveCfg = Debug|Any CPU
		{9567655E-6C84-4CAC-AD4D-4F3BBA5E1713}.Debug|Any CPU.Build.0 = Debug|Any CPU
		{9567655E-6C84-4CAC-AD4D-4F3BBA5E1713}.Debug|x64.ActiveCfg = Debug|Any CPU
		{9567655E-6C84-4CAC-AD4D-4F3BBA5E1713}.Debug|x64.Build.0 = Debug|Any CPU
		{9567655E-6C84-4CAC-AD4D-4F3BBA5E1713}.Debug|x86.ActiveCfg = Debug|Any CPU
		{9567655E-6C84-4CAC-AD4D-4F3BBA5E1713}.Debug|x86.Build.0 = Debug|Any CPU
		{9567655E-6C84-4CAC-AD4D-4F3BBA5E1713}.Release|Any CPU.ActiveCfg = Release|Any CPU
		{9567655E-6C84-4CAC-AD4D-4F3BBA5E1713}.Release|Any CPU.Build.0 = Release|Any CPU
		{9567655E-6C84-4CAC-AD4D-4F3BBA5E1713}.Release|x64.ActiveCfg = Release|Any CPU
		{9567655E-6C84-4CAC-AD4D-4F3BBA5E1713}.Release|x64.Build.0 = Release|Any CPU
		{9567655E-6C84-4CAC-AD4D-4F3BBA5E1713}.Release|x86.ActiveCfg = Release|Any CPU
		{9567655E-6C84-4CAC-AD4D-4F3BBA5E1713}.Release|x86.Build.0 = Release|Any CPU
		{1B7945DA-46AC-4AA2-8E88-806EC8882CD3}.Debug|Any CPU.ActiveCfg = Debug|Any CPU
		{1B7945DA-46AC-4AA2-8E88-806EC8882CD3}.Debug|Any CPU.Build.0 = Debug|Any CPU
		{1B7945DA-46AC-4AA2-8E88-806EC8882CD3}.Debug|x64.ActiveCfg = Debug|Any CPU
		{1B7945DA-46AC-4AA2-8E88-806EC8882CD3}.Debug|x64.Build.0 = Debug|Any CPU
		{1B7945DA-46AC-4AA2-8E88-806EC8882CD3}.Debug|x86.ActiveCfg = Debug|Any CPU
		{1B7945DA-46AC-4AA2-8E88-806EC8882CD3}.Debug|x86.Build.0 = Debug|Any CPU
		{1B7945DA-46AC-4AA2-8E88-806EC8882CD3}.Release|Any CPU.ActiveCfg = Release|Any CPU
		{1B7945DA-46AC-4AA2-8E88-806EC8882CD3}.Release|Any CPU.Build.0 = Release|Any CPU
		{1B7945DA-46AC-4AA2-8E88-806EC8882CD3}.Release|x64.ActiveCfg = Release|Any CPU
		{1B7945DA-46AC-4AA2-8E88-806EC8882CD3}.Release|x64.Build.0 = Release|Any CPU
		{1B7945DA-46AC-4AA2-8E88-806EC8882CD3}.Release|x86.ActiveCfg = Release|Any CPU
		{1B7945DA-46AC-4AA2-8E88-806EC8882CD3}.Release|x86.Build.0 = Release|Any CPU
		{64729C66-A3C8-442E-ACFF-1D174C1ABF2E}.Debug|Any CPU.ActiveCfg = Debug|Any CPU
		{64729C66-A3C8-442E-ACFF-1D174C1ABF2E}.Debug|Any CPU.Build.0 = Debug|Any CPU
		{64729C66-A3C8-442E-ACFF-1D174C1ABF2E}.Debug|x64.ActiveCfg = Debug|Any CPU
		{64729C66-A3C8-442E-ACFF-1D174C1ABF2E}.Debug|x64.Build.0 = Debug|Any CPU
		{64729C66-A3C8-442E-ACFF-1D174C1ABF2E}.Debug|x86.ActiveCfg = Debug|Any CPU
		{64729C66-A3C8-442E-ACFF-1D174C1ABF2E}.Debug|x86.Build.0 = Debug|Any CPU
		{64729C66-A3C8-442E-ACFF-1D174C1ABF2E}.Release|Any CPU.ActiveCfg = Release|Any CPU
		{64729C66-A3C8-442E-ACFF-1D174C1ABF2E}.Release|Any CPU.Build.0 = Release|Any CPU
		{64729C66-A3C8-442E-ACFF-1D174C1ABF2E}.Release|x64.ActiveCfg = Release|Any CPU
		{64729C66-A3C8-442E-ACFF-1D174C1ABF2E}.Release|x64.Build.0 = Release|Any CPU
		{64729C66-A3C8-442E-ACFF-1D174C1ABF2E}.Release|x86.ActiveCfg = Release|Any CPU
		{64729C66-A3C8-442E-ACFF-1D174C1ABF2E}.Release|x86.Build.0 = Release|Any CPU
		{3B5F09DA-69B4-47C9-8005-5D8EF027B16C}.Debug|Any CPU.ActiveCfg = Debug|Any CPU
		{3B5F09DA-69B4-47C9-8005-5D8EF027B16C}.Debug|Any CPU.Build.0 = Debug|Any CPU
		{3B5F09DA-69B4-47C9-8005-5D8EF027B16C}.Debug|x64.ActiveCfg = Debug|Any CPU
		{3B5F09DA-69B4-47C9-8005-5D8EF027B16C}.Debug|x64.Build.0 = Debug|Any CPU
		{3B5F09DA-69B4-47C9-8005-5D8EF027B16C}.Debug|x86.ActiveCfg = Debug|Any CPU
		{3B5F09DA-69B4-47C9-8005-5D8EF027B16C}.Debug|x86.Build.0 = Debug|Any CPU
		{3B5F09DA-69B4-47C9-8005-5D8EF027B16C}.Release|Any CPU.ActiveCfg = Release|Any CPU
		{3B5F09DA-69B4-47C9-8005-5D8EF027B16C}.Release|Any CPU.Build.0 = Release|Any CPU
		{3B5F09DA-69B4-47C9-8005-5D8EF027B16C}.Release|x64.ActiveCfg = Release|Any CPU
		{3B5F09DA-69B4-47C9-8005-5D8EF027B16C}.Release|x64.Build.0 = Release|Any CPU
		{3B5F09DA-69B4-47C9-8005-5D8EF027B16C}.Release|x86.ActiveCfg = Release|Any CPU
		{3B5F09DA-69B4-47C9-8005-5D8EF027B16C}.Release|x86.Build.0 = Release|Any CPU
		{56D6D916-7B62-456C-8A82-9C74C89BCA22}.Debug|Any CPU.ActiveCfg = Debug|Any CPU
		{56D6D916-7B62-456C-8A82-9C74C89BCA22}.Debug|Any CPU.Build.0 = Debug|Any CPU
		{56D6D916-7B62-456C-8A82-9C74C89BCA22}.Debug|x64.ActiveCfg = Debug|Any CPU
		{56D6D916-7B62-456C-8A82-9C74C89BCA22}.Debug|x64.Build.0 = Debug|Any CPU
		{56D6D916-7B62-456C-8A82-9C74C89BCA22}.Debug|x86.ActiveCfg = Debug|Any CPU
		{56D6D916-7B62-456C-8A82-9C74C89BCA22}.Debug|x86.Build.0 = Debug|Any CPU
		{56D6D916-7B62-456C-8A82-9C74C89BCA22}.Release|Any CPU.ActiveCfg = Release|Any CPU
		{56D6D916-7B62-456C-8A82-9C74C89BCA22}.Release|Any CPU.Build.0 = Release|Any CPU
		{56D6D916-7B62-456C-8A82-9C74C89BCA22}.Release|x64.ActiveCfg = Release|Any CPU
		{56D6D916-7B62-456C-8A82-9C74C89BCA22}.Release|x64.Build.0 = Release|Any CPU
		{56D6D916-7B62-456C-8A82-9C74C89BCA22}.Release|x86.ActiveCfg = Release|Any CPU
		{56D6D916-7B62-456C-8A82-9C74C89BCA22}.Release|x86.Build.0 = Release|Any CPU
		{C400558B-3275-4BE0-BA38-C1AA4D29F5D7}.Debug|Any CPU.ActiveCfg = Debug|Any CPU
		{C400558B-3275-4BE0-BA38-C1AA4D29F5D7}.Debug|Any CPU.Build.0 = Debug|Any CPU
		{C400558B-3275-4BE0-BA38-C1AA4D29F5D7}.Debug|x64.ActiveCfg = Debug|Any CPU
		{C400558B-3275-4BE0-BA38-C1AA4D29F5D7}.Debug|x64.Build.0 = Debug|Any CPU
		{C400558B-3275-4BE0-BA38-C1AA4D29F5D7}.Debug|x86.ActiveCfg = Debug|Any CPU
		{C400558B-3275-4BE0-BA38-C1AA4D29F5D7}.Debug|x86.Build.0 = Debug|Any CPU
		{C400558B-3275-4BE0-BA38-C1AA4D29F5D7}.Release|Any CPU.ActiveCfg = Release|Any CPU
		{C400558B-3275-4BE0-BA38-C1AA4D29F5D7}.Release|Any CPU.Build.0 = Release|Any CPU
		{C400558B-3275-4BE0-BA38-C1AA4D29F5D7}.Release|x64.ActiveCfg = Release|Any CPU
		{C400558B-3275-4BE0-BA38-C1AA4D29F5D7}.Release|x64.Build.0 = Release|Any CPU
		{C400558B-3275-4BE0-BA38-C1AA4D29F5D7}.Release|x86.ActiveCfg = Release|Any CPU
		{C400558B-3275-4BE0-BA38-C1AA4D29F5D7}.Release|x86.Build.0 = Release|Any CPU
		{F088DFB3-3C0C-472E-91D9-1B1834E3A970}.Debug|Any CPU.ActiveCfg = Debug|Any CPU
		{F088DFB3-3C0C-472E-91D9-1B1834E3A970}.Debug|Any CPU.Build.0 = Debug|Any CPU
		{F088DFB3-3C0C-472E-91D9-1B1834E3A970}.Debug|x64.ActiveCfg = Debug|Any CPU
		{F088DFB3-3C0C-472E-91D9-1B1834E3A970}.Debug|x64.Build.0 = Debug|Any CPU
		{F088DFB3-3C0C-472E-91D9-1B1834E3A970}.Debug|x86.ActiveCfg = Debug|Any CPU
		{F088DFB3-3C0C-472E-91D9-1B1834E3A970}.Debug|x86.Build.0 = Debug|Any CPU
		{F088DFB3-3C0C-472E-91D9-1B1834E3A970}.Release|Any CPU.ActiveCfg = Release|Any CPU
		{F088DFB3-3C0C-472E-91D9-1B1834E3A970}.Release|Any CPU.Build.0 = Release|Any CPU
		{F088DFB3-3C0C-472E-91D9-1B1834E3A970}.Release|x64.ActiveCfg = Release|Any CPU
		{F088DFB3-3C0C-472E-91D9-1B1834E3A970}.Release|x64.Build.0 = Release|Any CPU
		{F088DFB3-3C0C-472E-91D9-1B1834E3A970}.Release|x86.ActiveCfg = Release|Any CPU
		{F088DFB3-3C0C-472E-91D9-1B1834E3A970}.Release|x86.Build.0 = Release|Any CPU
	EndGlobalSection
	GlobalSection(SolutionProperties) = preSolution
		HideSolutionNode = FALSE
	EndGlobalSection
EndGlobal
